
Microsoft Visual Studio Solution File, Format Version 11.00
# Visual Studio 2010
Project("{FAE04EC0-301F-11D3-BF4B-00C04F79EFBC}") = "WebApplication1", "WebApplication1\WebApplication1.csproj", "{22DB9713-34AA-41A4-86EF-1ED00116A8BC}"
EndProject
Global
	GlobalSection(SolutionConfigurationPlatforms) = preSolution
		Debug|Any CPU = Debug|Any CPU
		Release|Any CPU = Release|Any CPU
	EndGlobalSection
	GlobalSection(ProjectConfigurationPlatforms) = postSolution
		{22DB9713-34AA-41A4-86EF-1ED00116A8BC}.Debug|Any CPU.ActiveCfg = Debug|Any CPU
		{22DB9713-34AA-41A4-86EF-1ED00116A8BC}.Debug|Any CPU.Build.0 = Debug|Any CPU
		{22DB9713-34AA-41A4-86EF-1ED00116A8BC}.Release|Any CPU.ActiveCfg = Release|Any CPU
		{22DB9713-34AA-41A4-86EF-1ED00116A8BC}.Release|Any CPU.Build.0 = Release|Any CPU
	EndGlobalSection
	GlobalSection(SolutionProperties) = preSolution
		HideSolutionNode = FALSE
	EndGlobalSection
EndGlobal
